<Solution>
  <Folder Name="/apps/">
    <Project Path="apps/KollaDesk.Api/KollaDesk.Api.csproj" />
  </Folder>
  <Folder Name="/src/" />
  <Folder Name="/src/BuildingBlocks/" />
  <Folder Name="/src/BuildingBlocks/Domain/">
    <Project Path="src/BuildingBlocks/Domain/KollaDesk.BuildingBlocks.Domain.csproj" />
  </Folder>
  <Folder Name="/tests/" />
  <Folder Name="/tests/Unit/">
    <Project Path="tests/Unit/KollaDesk.UnitTests.csproj" />
  </Folder>
</Solution>
